schema: '2.0'
stages:
  get_data:
    cmd: python3 src/get_data.py
    deps:
    - path: src/get_data.py
      hash: md5
      md5: 12b6b5c39adbcdb9d437260e62656e9f
      size: 622
    outs:
    - path: smsspamcollection
      hash: md5
      md5: 98c8e6651ea0eec3c8dc40aa13dc0760.dir
      size: 518973
      nfiles: 3
  preprocess:
    cmd: python3 src/text_preprocessing.py
    deps:
    - path: src/text_preprocessing.py
      hash: md5
      md5: ed0b9c3b0ff2d70215f4e58f517a46cf
      size: 2533
    outs:
    - path: output/preprocessed_data.joblib
      hash: md5
      md5: 17b75ae5788a47bca7f6888154f2947e
      size: 251348
    - path: output/preprocessor.joblib
      hash: md5
      md5: 83a6cbde454b42ee4be7cbfe54ebd638
      size: 128457
  train:
    cmd: python3 src/text_classification.py
    deps:
    - path: src/text_classification.py
      hash: md5
      md5: 5e16fd3cb3bcdbd9886afea528e21ef6
      size: 3513
    outs:
    - path: output/accuracy_scores.json
      hash: md5
      md5: e984bcc60126325aa019886b7c0cb24b
      size: 242
    - path: output/model.joblib
      hash: md5
      md5: 350f907833360a692d29421f6e068114
      size: 9785
