schema: '2.0'
stages:
  get_data:
    cmd: python3 src/get_data.py
    deps:
    - path: src/get_data.py
      hash: md5
      md5: 12b6b5c39adbcdb9d437260e62656e9f
      size: 622
    outs:
    - path: smsspamcollection
      hash: md5
      md5: 98c8e6651ea0eec3c8dc40aa13dc0760.dir
      size: 518973
      nfiles: 3
  preprocess:
    cmd: python3 src/text_preprocessing.py
    deps:
    - path: src/text_preprocessing.py
      hash: md5
      md5: ed0b9c3b0ff2d70215f4e58f517a46cf
      size: 2533
    outs:
    - path: output/preprocessed_data.joblib
      hash: md5
      md5: 17b75ae5788a47bca7f6888154f2947e
      size: 251348
    - path: output/preprocessor.joblib
      hash: md5
      md5: 83a6cbde454b42ee4be7cbfe54ebd638
      size: 128457
  train:
    cmd: python3 src/text_classification.py
    deps:
    - path: src/text_classification.py
      hash: md5
      md5: b89c0f6c728b958d2956f4b99463e38f
      size: 3514
    outs:
    - path: output/accuracy_scores.json
      hash: md5
      md5: 670a903c51bb12ce497c0765c4027be6
      size: 230
    - path: output/model.joblib
      hash: md5
      md5: a39ac20dbfb33e1201fbe8c36982c8c2
      size: 10745
